# This file is automatically @generated by Cargo.
# It is not intended for manual editing.
version = 4

[[package]]
name = "dto_bindgen"
version = "0.1.0"
dependencies = [
 "dto_bindgen_core",
 "dto_bindgen_macros",
]

[[package]]
name = "dto_bindgen_backend_python"
version = "0.1.0"
dependencies = [
 "dto_bindgen_core",
]

[[package]]
name = "dto_bindgen_backend_ts"
version = "0.1.0"
dependencies = [
 "dto_bindgen_core",
]

[[package]]
name = "dto_bindgen_cli"
version = "0.1.0"
dependencies = [
 "dto_bindgen",
 "dto_bindgen_backend_python",
 "dto_bindgen_backend_ts",
 "dto_bindgen_core",
]

[[package]]
name = "dto_bindgen_core"
version = "0.1.0"

[[package]]
name = "dto_bindgen_macros"
version = "0.1.0"

[[package]]
name = "dto_bindgen_test"
version = "0.1.0"
dependencies = [
 "dto_bindgen",
 "dto_bindgen_backend_python",
 "dto_bindgen_backend_ts",
 "dto_bindgen_core",
]
